
Microsoft Visual Studio Solution File, Format Version 12.00
# Visual Studio Version 17
VisualStudioVersion = 17.9.34616.47
MinimumVisualStudioVersion = 10.0.40219.1
Project("{FAE04EC0-301F-11D3-BF4B-00C04F79EFBC}") = "Social Media App", "Social Media App\Social Media App.csproj", "{CF932A9F-604B-4474-B43A-8426BB2C9B86}"
EndProject
Global
	GlobalSection(SolutionConfigurationPlatforms) = preSolution
		Debug|Any CPU = Debug|Any CPU
		Release|Any CPU = Release|Any CPU
	EndGlobalSection
	GlobalSection(ProjectConfigurationPlatforms) = postSolution
		{CF932A9F-604B-4474-B43A-8426BB2C9B86}.Debug|Any CPU.ActiveCfg = Debug|Any CPU
		{CF932A9F-604B-4474-B43A-8426BB2C9B86}.Debug|Any CPU.Build.0 = Debug|Any CPU
		{CF932A9F-604B-4474-B43A-8426BB2C9B86}.Release|Any CPU.ActiveCfg = Release|Any CPU
		{CF932A9F-604B-4474-B43A-8426BB2C9B86}.Release|Any CPU.Build.0 = Release|Any CPU
	EndGlobalSection
	GlobalSection(SolutionProperties) = preSolution
		HideSolutionNode = FALSE
	EndGlobalSection
	GlobalSection(ExtensibilityGlobals) = postSolution
		SolutionGuid = {0C827DB3-258C-4B03-9D9F-272906017515}
	EndGlobalSection
EndGlobal
